
Microsoft Visual Studio Solution File, Format Version 12.00
# Visual Studio Version 16
VisualStudioVersion = 16.0.34301.259
MinimumVisualStudioVersion = 10.0.40219.1
Project("{FAE04EC0-301F-11D3-BF4B-00C04F79EFBC}") = "Exponent-Method", "Exponent-Method\Exponent-Method.csproj", "{A9CDFEF9-7AA3-47FD-A3A4-F80D44A61DF6}"
EndProject
Global
	GlobalSection(SolutionConfigurationPlatforms) = preSolution
		Debug|Any CPU = Debug|Any CPU
		Release|Any CPU = Release|Any CPU
	EndGlobalSection
	GlobalSection(ProjectConfigurationPlatforms) = postSolution
		{A9CDFEF9-7AA3-47FD-A3A4-F80D44A61DF6}.Debug|Any CPU.ActiveCfg = Debug|Any CPU
		{A9CDFEF9-7AA3-47FD-A3A4-F80D44A61DF6}.Debug|Any CPU.Build.0 = Debug|Any CPU
		{A9CDFEF9-7AA3-47FD-A3A4-F80D44A61DF6}.Release|Any CPU.ActiveCfg = Release|Any CPU
		{A9CDFEF9-7AA3-47FD-A3A4-F80D44A61DF6}.Release|Any CPU.Build.0 = Release|Any CPU
	EndGlobalSection
	GlobalSection(SolutionProperties) = preSolution
		HideSolutionNode = FALSE
	EndGlobalSection
	GlobalSection(ExtensibilityGlobals) = postSolution
		SolutionGuid = {7B0A7E93-B847-476F-AB4C-88003C124738}
	EndGlobalSection
EndGlobal
